
Microsoft Visual Studio Solution File, Format Version 12.00
# Visual Studio Version 16
VisualStudioVersion = 16.0.32929.386
MinimumVisualStudioVersion = 10.0.40219.1
Project("{9A19103F-16F7-4668-BE54-9A1E7A4F7556}") = "ConsoleApp6", "ConsoleApp6\ConsoleApp6.csproj", "{091F1E75-F898-4DDF-B15A-D64690A7C268}"
EndProject
Project("{9A19103F-16F7-4668-BE54-9A1E7A4F7556}") = "ClassLibrary2", "ClassLibrary2\ClassLibrary2\ClassLibrary2.csproj", "{36D3EA2D-EAB5-44A2-B77C-7FD05934AABF}"
EndProject
Global
	GlobalSection(SolutionConfigurationPlatforms) = preSolution
		Debug|Any CPU = Debug|Any CPU
		Release|Any CPU = Release|Any CPU
	EndGlobalSection
	GlobalSection(ProjectConfigurationPlatforms) = postSolution
		{091F1E75-F898-4DDF-B15A-D64690A7C268}.Debug|Any CPU.ActiveCfg = Debug|Any CPU
		{091F1E75-F898-4DDF-B15A-D64690A7C268}.Debug|Any CPU.Build.0 = Debug|Any CPU
		{091F1E75-F898-4DDF-B15A-D64690A7C268}.Release|Any CPU.ActiveCfg = Release|Any CPU
		{091F1E75-F898-4DDF-B15A-D64690A7C268}.Release|Any CPU.Build.0 = Release|Any CPU
		{36D3EA2D-EAB5-44A2-B77C-7FD05934AABF}.Debug|Any CPU.ActiveCfg = Debug|Any CPU
		{36D3EA2D-EAB5-44A2-B77C-7FD05934AABF}.Debug|Any CPU.Build.0 = Debug|Any CPU
		{36D3EA2D-EAB5-44A2-B77C-7FD05934AABF}.Release|Any CPU.ActiveCfg = Release|Any CPU
		{36D3EA2D-EAB5-44A2-B77C-7FD05934AABF}.Release|Any CPU.Build.0 = Release|Any CPU
	EndGlobalSection
	GlobalSection(SolutionProperties) = preSolution
		HideSolutionNode = FALSE
	EndGlobalSection
	GlobalSection(ExtensibilityGlobals) = postSolution
		SolutionGuid = {B3DC5DF1-B2C9-4BB5-BE25-93DDCC143638}
	EndGlobalSection
EndGlobal
